
Microsoft Visual Studio Solution File, Format Version 12.00
# Visual Studio Version 17
VisualStudioVersion = 17.0.31903.59
MinimumVisualStudioVersion = 10.0.40219.1
Project("{2150E333-8FDC-42A3-9474-1A3956D46DE8}") = "src", "src", "{34FB4217-2B1B-4F0C-A580-13F96534C571}"
EndProject
Project("{2150E333-8FDC-42A3-9474-1A3956D46DE8}") = "tests", "tests", "{31A703D0-20D7-4CDC-98A0-EA15EE314407}"
EndProject
Project("{2150E333-8FDC-42A3-9474-1A3956D46DE8}") = "API", "API", "{13BA8710-F215-4FE6-99A7-62B9A4A768DA}"
EndProject
Project("{2150E333-8FDC-42A3-9474-1A3956D46DE8}") = "Core", "Core", "{D87CED42-863C-4DD5-9B00-831A8B0EC3B4}"
EndProject
Project("{2150E333-8FDC-42A3-9474-1A3956D46DE8}") = "Infrastructure", "Infrastructure", "{9328C07B-6B07-41FD-A0AF-656AC9512199}"
EndProject
Project("{2150E333-8FDC-42A3-9474-1A3956D46DE8}") = "UI", "UI", "{3FF0E6AC-6085-42FF-B267-BC00FF3CBC89}"
EndProject
Project("{FAE04EC0-301F-11D3-BF4B-00C04F79EFBC}") = "HR.LeaveManagementSystem.Domain", "src\Core\HR.LeaveManagementSystem.Domain\HR.LeaveManagementSystem.Domain.csproj", "{72F2CD55-8C73-4EA3-8412-10B3BD522B7C}"
EndProject
Project("{FAE04EC0-301F-11D3-BF4B-00C04F79EFBC}") = "HR.LeaveManagementSystem.Application", "src\Core\HR.LeaveManagementSystem.Application\HR.LeaveManagementSystem.Application.csproj", "{4506E742-F591-4EA7-B25F-65B017676C8D}"
EndProject
Project("{FAE04EC0-301F-11D3-BF4B-00C04F79EFBC}") = "HR.LeaveManagementSystem.Persistence", "src\Infrastructure\HR.LeaveManagementSystem.Persistence\HR.LeaveManagementSystem.Persistence.csproj", "{4D6A053E-FAF7-4050-8505-9241D9B88432}"
EndProject
Project("{FAE04EC0-301F-11D3-BF4B-00C04F79EFBC}") = "HR.LeaveManagementSystem.Infrastructure", "src\Infrastructure\HR.LeaveManagementSystem.Infrastructure\HR.LeaveManagementSystem.Infrastructure.csproj", "{E3F12594-C841-45ED-8B3F-179EA16A4D48}"
EndProject
Project("{FAE04EC0-301F-11D3-BF4B-00C04F79EFBC}") = "HR.LeaveManagementSystem.API", "src\API\HR.LeaveManagementSystem.API\HR.LeaveManagementSystem.API.csproj", "{71041D26-8D43-4515-A27E-88D14D3E90DC}"
EndProject
Project("{FAE04EC0-301F-11D3-BF4B-00C04F79EFBC}") = "HR.LeaveManagement.Application.UnitTests", "tests\HR.LeaveManagement.Application.UnitTests\HR.LeaveManagement.Application.UnitTests.csproj", "{276D64F0-D8BA-4219-A4CE-3AFCE796D0E5}"
EndProject
Project("{FAE04EC0-301F-11D3-BF4B-00C04F79EFBC}") = "HR.LeaveManagement.Persistence.IntegrationTests", "tests\HR.LeaveManagement.Persistence.IntegrationTests\HR.LeaveManagement.Persistence.IntegrationTests.csproj", "{B165D6BC-CADE-4A74-8B88-D5072E68A288}"
EndProject
Project("{FAE04EC0-301F-11D3-BF4B-00C04F79EFBC}") = "HR.LeaveManagementSystem.UI", "src\UI\HR.LeaveManagementSystem.UI\HR.LeaveManagementSystem.UI.csproj", "{8370CEA4-FD2A-4145-B3CB-5C020C6BDE4F}"
EndProject
Global
	GlobalSection(SolutionConfigurationPlatforms) = preSolution
		Debug|Any CPU = Debug|Any CPU
		Release|Any CPU = Release|Any CPU
	EndGlobalSection
	GlobalSection(SolutionProperties) = preSolution
		HideSolutionNode = FALSE
	EndGlobalSection
	GlobalSection(NestedProjects) = preSolution
		{13BA8710-F215-4FE6-99A7-62B9A4A768DA} = {34FB4217-2B1B-4F0C-A580-13F96534C571}
		{D87CED42-863C-4DD5-9B00-831A8B0EC3B4} = {34FB4217-2B1B-4F0C-A580-13F96534C571}
		{9328C07B-6B07-41FD-A0AF-656AC9512199} = {34FB4217-2B1B-4F0C-A580-13F96534C571}
		{3FF0E6AC-6085-42FF-B267-BC00FF3CBC89} = {34FB4217-2B1B-4F0C-A580-13F96534C571}
		{72F2CD55-8C73-4EA3-8412-10B3BD522B7C} = {D87CED42-863C-4DD5-9B00-831A8B0EC3B4}
		{4506E742-F591-4EA7-B25F-65B017676C8D} = {D87CED42-863C-4DD5-9B00-831A8B0EC3B4}
		{4D6A053E-FAF7-4050-8505-9241D9B88432} = {9328C07B-6B07-41FD-A0AF-656AC9512199}
		{E3F12594-C841-45ED-8B3F-179EA16A4D48} = {9328C07B-6B07-41FD-A0AF-656AC9512199}
		{71041D26-8D43-4515-A27E-88D14D3E90DC} = {13BA8710-F215-4FE6-99A7-62B9A4A768DA}
		{276D64F0-D8BA-4219-A4CE-3AFCE796D0E5} = {31A703D0-20D7-4CDC-98A0-EA15EE314407}
		{B165D6BC-CADE-4A74-8B88-D5072E68A288} = {31A703D0-20D7-4CDC-98A0-EA15EE314407}
		{8370CEA4-FD2A-4145-B3CB-5C020C6BDE4F} = {3FF0E6AC-6085-42FF-B267-BC00FF3CBC89}
	EndGlobalSection
	GlobalSection(ProjectConfigurationPlatforms) = postSolution
		{72F2CD55-8C73-4EA3-8412-10B3BD522B7C}.Debug|Any CPU.ActiveCfg = Debug|Any CPU
		{72F2CD55-8C73-4EA3-8412-10B3BD522B7C}.Debug|Any CPU.Build.0 = Debug|Any CPU
		{72F2CD55-8C73-4EA3-8412-10B3BD522B7C}.Release|Any CPU.ActiveCfg = Release|Any CPU
		{72F2CD55-8C73-4EA3-8412-10B3BD522B7C}.Release|Any CPU.Build.0 = Release|Any CPU
		{4506E742-F591-4EA7-B25F-65B017676C8D}.Debug|Any CPU.ActiveCfg = Debug|Any CPU
		{4506E742-F591-4EA7-B25F-65B017676C8D}.Debug|Any CPU.Build.0 = Debug|Any CPU
		{4506E742-F591-4EA7-B25F-65B017676C8D}.Release|Any CPU.ActiveCfg = Release|Any CPU
		{4506E742-F591-4EA7-B25F-65B017676C8D}.Release|Any CPU.Build.0 = Release|Any CPU
		{4D6A053E-FAF7-4050-8505-9241D9B88432}.Debug|Any CPU.ActiveCfg = Debug|Any CPU
		{4D6A053E-FAF7-4050-8505-9241D9B88432}.Debug|Any CPU.Build.0 = Debug|Any CPU
		{4D6A053E-FAF7-4050-8505-9241D9B88432}.Release|Any CPU.ActiveCfg = Release|Any CPU
		{4D6A053E-FAF7-4050-8505-9241D9B88432}.Release|Any CPU.Build.0 = Release|Any CPU
		{E3F12594-C841-45ED-8B3F-179EA16A4D48}.Debug|Any CPU.ActiveCfg = Debug|Any CPU
		{E3F12594-C841-45ED-8B3F-179EA16A4D48}.Debug|Any CPU.Build.0 = Debug|Any CPU
		{E3F12594-C841-45ED-8B3F-179EA16A4D48}.Release|Any CPU.ActiveCfg = Release|Any CPU
		{E3F12594-C841-45ED-8B3F-179EA16A4D48}.Release|Any CPU.Build.0 = Release|Any CPU
		{71041D26-8D43-4515-A27E-88D14D3E90DC}.Debug|Any CPU.ActiveCfg = Debug|Any CPU
		{71041D26-8D43-4515-A27E-88D14D3E90DC}.Debug|Any CPU.Build.0 = Debug|Any CPU
		{71041D26-8D43-4515-A27E-88D14D3E90DC}.Release|Any CPU.ActiveCfg = Release|Any CPU
		{71041D26-8D43-4515-A27E-88D14D3E90DC}.Release|Any CPU.Build.0 = Release|Any CPU
		{276D64F0-D8BA-4219-A4CE-3AFCE796D0E5}.Debug|Any CPU.ActiveCfg = Debug|Any CPU
		{276D64F0-D8BA-4219-A4CE-3AFCE796D0E5}.Debug|Any CPU.Build.0 = Debug|Any CPU
		{276D64F0-D8BA-4219-A4CE-3AFCE796D0E5}.Release|Any CPU.ActiveCfg = Release|Any CPU
		{276D64F0-D8BA-4219-A4CE-3AFCE796D0E5}.Release|Any CPU.Build.0 = Release|Any CPU
		{B165D6BC-CADE-4A74-8B88-D5072E68A288}.Debug|Any CPU.ActiveCfg = Debug|Any CPU
		{B165D6BC-CADE-4A74-8B88-D5072E68A288}.Debug|Any CPU.Build.0 = Debug|Any CPU
		{B165D6BC-CADE-4A74-8B88-D5072E68A288}.Release|Any CPU.ActiveCfg = Release|Any CPU
		{B165D6BC-CADE-4A74-8B88-D5072E68A288}.Release|Any CPU.Build.0 = Release|Any CPU
		{8370CEA4-FD2A-4145-B3CB-5C020C6BDE4F}.Debug|Any CPU.ActiveCfg = Debug|Any CPU
		{8370CEA4-FD2A-4145-B3CB-5C020C6BDE4F}.Debug|Any CPU.Build.0 = Debug|Any CPU
		{8370CEA4-FD2A-4145-B3CB-5C020C6BDE4F}.Release|Any CPU.ActiveCfg = Release|Any CPU
		{8370CEA4-FD2A-4145-B3CB-5C020C6BDE4F}.Release|Any CPU.Build.0 = Release|Any CPU
	EndGlobalSection
EndGlobal
